// !$*UTF8*$!
{
	archiveVersion = 1;
	classes = {
	};
	objectVersion = 56;
	objects = {

/* Begin PBXBuildFile section */
		2D68CDE72BBA9A9900B2566E /* AppDelegate.swift in Sources */ = {isa = PBXBuildFile; fileRef = 2D68CDE62BBA9A9900B2566E /* AppDelegate.swift */; };
		2D68CDE92BBA9A9900B2566E /* SceneDelegate.swift in Sources */ = {isa = PBXBuildFile; fileRef = 2D68CDE82BBA9A9900B2566E /* SceneDelegate.swift */; };
		2D68CDEB2BBA9A9900B2566E /* ViewController.swift in Sources */ = {isa = PBXBuildFile; fileRef = 2D68CDEA2BBA9A9900B2566E /* ViewController.swift */; };
		2D68CDF02BBA9A9A00B2566E /* Assets.xcassets in Resources */ = {isa = PBXBuildFile; fileRef = 2D68CDEF2BBA9A9A00B2566E /* Assets.xcassets */; };
		2D68CDF32BBA9A9A00B2566E /* Base in Resources */ = {isa = PBXBuildFile; fileRef = 2D68CDF22BBA9A9A00B2566E /* Base */; };
		2D68CDFE2BBA9A9A00B2566E /* DemoFacebookUITests.swift in Sources */ = {isa = PBXBuildFile; fileRef = 2D68CDFD2BBA9A9A00B2566E /* DemoFacebookUITests.swift */; };
		2D68CE082BBA9A9A00B2566E /* DemoFacebookUIUITests.swift in Sources */ = {isa = PBXBuildFile; fileRef = 2D68CE072BBA9A9A00B2566E /* DemoFacebookUIUITests.swift */; };
		2D68CE0A2BBA9A9A00B2566E /* DemoFacebookUIUITestsLaunchTests.swift in Sources */ = {isa = PBXBuildFile; fileRef = 2D68CE092BBA9A9A00B2566E /* DemoFacebookUIUITestsLaunchTests.swift */; };
		2D68CE1B2BBA9FEB00B2566E /* CustomTabBarController.swift in Sources */ = {isa = PBXBuildFile; fileRef = 2D68CE1A2BBA9FEB00B2566E /* CustomTabBarController.swift */; };
		2D68CE1D2BBAA1C600B2566E /* Page.swift in Sources */ = {isa = PBXBuildFile; fileRef = 2D68CE1C2BBAA1C600B2566E /* Page.swift */; };
		2D68CE292BBABD6F00B2566E /* HomeViewController.swift in Sources */ = {isa = PBXBuildFile; fileRef = 2D68CE282BBABD6F00B2566E /* HomeViewController.swift */; };
		2D68CE2B2BBABD7C00B2566E /* VideoViewController.swift in Sources */ = {isa = PBXBuildFile; fileRef = 2D68CE2A2BBABD7C00B2566E /* VideoViewController.swift */; };
		2D68CE2D2BBABD8600B2566E /* MenuViewController.swift in Sources */ = {isa = PBXBuildFile; fileRef = 2D68CE2C2BBABD8600B2566E /* MenuViewController.swift */; };
		2D68CE552BBACA2B00B2566E /* Main.storyboard in Resources */ = {isa = PBXBuildFile; fileRef = 2D68CE532BBACA2B00B2566E /* Main.storyboard */; };
		2DF5F5EE2BBBA0DC00B47483 /* CreateStoryCell.xib in Resources */ = {isa = PBXBuildFile; fileRef = 2DF5F5E62BBBA0DC00B47483 /* CreateStoryCell.xib */; };
		2DF5F5EF2BBBA0DC00B47483 /* StatusCell.swift in Sources */ = {isa = PBXBuildFile; fileRef = 2DF5F5E72BBBA0DC00B47483 /* StatusCell.swift */; };
		2DF5F5F02BBBA0DC00B47483 /* StatusCell.xib in Resources */ = {isa = PBXBuildFile; fileRef = 2DF5F5E82BBBA0DC00B47483 /* StatusCell.xib */; };
		2DF5F5F12BBBA0DC00B47483 /* CollectionHorizontalCell.swift in Sources */ = {isa = PBXBuildFile; fileRef = 2DF5F5E92BBBA0DC00B47483 /* CollectionHorizontalCell.swift */; };
		2DF5F5F22BBBA0DC00B47483 /* UserStoryCell.swift in Sources */ = {isa = PBXBuildFile; fileRef = 2DF5F5EA2BBBA0DC00B47483 /* UserStoryCell.swift */; };
		2DF5F5F32BBBA0DC00B47483 /* CreateStoryCell.swift in Sources */ = {isa = PBXBuildFile; fileRef = 2DF5F5EB2BBBA0DC00B47483 /* CreateStoryCell.swift */; };
		2DF5F5F42BBBA0DC00B47483 /* UserStoryCell.xib in Resources */ = {isa = PBXBuildFile; fileRef = 2DF5F5EC2BBBA0DC00B47483 /* UserStoryCell.xib */; };
		2DF5F5F52BBBA0DC00B47483 /* CollectionHorizontalCell.xib in Resources */ = {isa = PBXBuildFile; fileRef = 2DF5F5ED2BBBA0DC00B47483 /* CollectionHorizontalCell.xib */; };
		2DF5F5F82BBBA2EA00B47483 /* PostCell.xib in Resources */ = {isa = PBXBuildFile; fileRef = 2DF5F5F62BBBA2EA00B47483 /* PostCell.xib */; };
		2DF5F5F92BBBA2EA00B47483 /* PostCell.swift in Sources */ = {isa = PBXBuildFile; fileRef = 2DF5F5F72BBBA2EA00B47483 /* PostCell.swift */; };
/* End PBXBuildFile section */

/* Begin PBXContainerItemProxy section */
		2D68CDFA2BBA9A9A00B2566E /* PBXContainerItemProxy */ = {
			isa = PBXContainerItemProxy;
			containerPortal = 2D68CDDB2BBA9A9900B2566E /* Project object */;
			proxyType = 1;
			remoteGlobalIDString = 2D68CDE22BBA9A9900B2566E;
			remoteInfo = DemoFacebookUI;
		};
		2D68CE042BBA9A9A00B2566E /* PBXContainerItemProxy */ = {
			isa = PBXContainerItemProxy;
			containerPortal = 2D68CDDB2BBA9A9900B2566E /* Project object */;
			proxyType = 1;
			remoteGlobalIDString = 2D68CDE22BBA9A9900B2566E;
			remoteInfo = DemoFacebookUI;
		};
/* End PBXContainerItemProxy section */

/* Begin PBXFileReference section */
		2D68CDE32BBA9A9900B2566E /* DemoFacebookUI.app */ = {isa = PBXFileReference; explicitFileType = wrapper.application; includeInIndex = 0; path = DemoFacebookUI.app; sourceTree = BUILT_PRODUCTS_DIR; };
		2D68CDE62BBA9A9900B2566E /* AppDelegate.swift */ = {isa = PBXFileReference; lastKnownFileType = sourcecode.swift; path = AppDelegate.swift; sourceTree = "<group>"; };
		2D68CDE82BBA9A9900B2566E /* SceneDelegate.swift */ = {isa = PBXFileReference; lastKnownFileType = sourcecode.swift; path = SceneDelegate.swift; sourceTree = "<group>"; };
		2D68CDEA2BBA9A9900B2566E /* ViewController.swift */ = {isa = PBXFileReference; lastKnownFileType = sourcecode.swift; path = ViewController.swift; sourceTree = "<group>"; };
		2D68CDEF2BBA9A9A00B2566E /* Assets.xcassets */ = {isa = PBXFileReference; lastKnownFileType = folder.assetcatalog; path = Assets.xcassets; sourceTree = "<group>"; };
		2D68CDF22BBA9A9A00B2566E /* Base */ = {isa = PBXFileReference; lastKnownFileType = file.storyboard; name = Base; path = Base.lproj/LaunchScreen.storyboard; sourceTree = "<group>"; };
		2D68CDF42BBA9A9A00B2566E /* Info.plist */ = {isa = PBXFileReference; lastKnownFileType = text.plist.xml; path = Info.plist; sourceTree = "<group>"; };
		2D68CDF92BBA9A9A00B2566E /* DemoFacebookUITests.xctest */ = {isa = PBXFileReference; explicitFileType = wrapper.cfbundle; includeInIndex = 0; path = DemoFacebookUITests.xctest; sourceTree = BUILT_PRODUCTS_DIR; };
		2D68CDFD2BBA9A9A00B2566E /* DemoFacebookUITests.swift */ = {isa = PBXFileReference; lastKnownFileType = sourcecode.swift; path = DemoFacebookUITests.swift; sourceTree = "<group>"; };
		2D68CE032BBA9A9A00B2566E /* DemoFacebookUIUITests.xctest */ = {isa = PBXFileReference; explicitFileType = wrapper.cfbundle; includeInIndex = 0; path = DemoFacebookUIUITests.xctest; sourceTree = BUILT_PRODUCTS_DIR; };
		2D68CE072BBA9A9A00B2566E /* DemoFacebookUIUITests.swift */ = {isa = PBXFileReference; lastKnownFileType = sourcecode.swift; path = DemoFacebookUIUITests.swift; sourceTree = "<group>"; };
		2D68CE092BBA9A9A00B2566E /* DemoFacebookUIUITestsLaunchTests.swift */ = {isa = PBXFileReference; lastKnownFileType = sourcecode.swift; path = DemoFacebookUIUITestsLaunchTests.swift; sourceTree = "<group>"; };
		2D68CE1A2BBA9FEB00B2566E /* CustomTabBarController.swift */ = {isa = PBXFileReference; lastKnownFileType = sourcecode.swift; path = CustomTabBarController.swift; sourceTree = "<group>"; };
		2D68CE1C2BBAA1C600B2566E /* Page.swift */ = {isa = PBXFileReference; lastKnownFileType = sourcecode.swift; path = Page.swift; sourceTree = "<group>"; };
		2D68CE282BBABD6F00B2566E /* HomeViewController.swift */ = {isa = PBXFileReference; lastKnownFileType = sourcecode.swift; path = HomeViewController.swift; sourceTree = "<group>"; };
		2D68CE2A2BBABD7C00B2566E /* VideoViewController.swift */ = {isa = PBXFileReference; lastKnownFileType = sourcecode.swift; path = VideoViewController.swift; sourceTree = "<group>"; };
		2D68CE2C2BBABD8600B2566E /* MenuViewController.swift */ = {isa = PBXFileReference; lastKnownFileType = sourcecode.swift; path = MenuViewController.swift; sourceTree = "<group>"; };
		2D68CE542BBACA2B00B2566E /* Base */ = {isa = PBXFileReference; lastKnownFileType = file.storyboard; name = Base; path = "../../../../../../Downloads/demo_facebook_by_swift-main/demoFacebookUI/Base.lproj/Main.storyboard"; sourceTree = "<group>"; };
		2DF5F5E62BBBA0DC00B47483 /* CreateStoryCell.xib */ = {isa = PBXFileReference; fileEncoding = 4; lastKnownFileType = file.xib; path = CreateStoryCell.xib; sourceTree = "<group>"; };
		2DF5F5E72BBBA0DC00B47483 /* StatusCell.swift */ = {isa = PBXFileReference; fileEncoding = 4; lastKnownFileType = sourcecode.swift; path = StatusCell.swift; sourceTree = "<group>"; };
		2DF5F5E82BBBA0DC00B47483 /* StatusCell.xib */ = {isa = PBXFileReference; fileEncoding = 4; lastKnownFileType = file.xib; path = StatusCell.xib; sourceTree = "<group>"; };
		2DF5F5E92BBBA0DC00B47483 /* CollectionHorizontalCell.swift */ = {isa = PBXFileReference; fileEncoding = 4; lastKnownFileType = sourcecode.swift; path = CollectionHorizontalCell.swift; sourceTree = "<group>"; };
		2DF5F5EA2BBBA0DC00B47483 /* UserStoryCell.swift */ = {isa = PBXFileReference; fileEncoding = 4; lastKnownFileType = sourcecode.swift; path = UserStoryCell.swift; sourceTree = "<group>"; };
		2DF5F5EB2BBBA0DC00B47483 /* CreateStoryCell.swift */ = {isa = PBXFileReference; fileEncoding = 4; lastKnownFileType = sourcecode.swift; path = CreateStoryCell.swift; sourceTree = "<group>"; };
		2DF5F5EC2BBBA0DC00B47483 /* UserStoryCell.xib */ = {isa = PBXFileReference; fileEncoding = 4; lastKnownFileType = file.xib; path = UserStoryCell.xib; sourceTree = "<group>"; };
		2DF5F5ED2BBBA0DC00B47483 /* CollectionHorizontalCell.xib */ = {isa = PBXFileReference; fileEncoding = 4; lastKnownFileType = file.xib; path = CollectionHorizontalCell.xib; sourceTree = "<group>"; };
		2DF5F5F62BBBA2EA00B47483 /* PostCell.xib */ = {isa = PBXFileReference; fileEncoding = 4; lastKnownFileType = file.xib; path = PostCell.xib; sourceTree = "<group>"; };
		2DF5F5F72BBBA2EA00B47483 /* PostCell.swift */ = {isa = PBXFileReference; fileEncoding = 4; lastKnownFileType = sourcecode.swift; path = PostCell.swift; sourceTree = "<group>"; };
/* End PBXFileReference section */

/* Begin PBXFrameworksBuildPhase section */
		2D68CDE02BBA9A9900B2566E /* Frameworks */ = {
			isa = PBXFrameworksBuildPhase;
			buildActionMask = 2147483647;
			files = (
			);
			runOnlyForDeploymentPostprocessing = 0;
		};
		2D68CDF62BBA9A9A00B2566E /* Frameworks */ = {
			isa = PBXFrameworksBuildPhase;
			buildActionMask = 2147483647;
			files = (
			);
			runOnlyForDeploymentPostprocessing = 0;
		};
		2D68CE002BBA9A9A00B2566E /* Frameworks */ = {
			isa = PBXFrameworksBuildPhase;
			buildActionMask = 2147483647;
			files = (
			);
			runOnlyForDeploymentPostprocessing = 0;
		};
/* End PBXFrameworksBuildPhase section */

/* Begin PBXGroup section */
		2D68CDDA2BBA9A9900B2566E = {
			isa = PBXGroup;
			children = (
				2D68CDE52BBA9A9900B2566E /* DemoFacebookUI */,
				2D68CDFC2BBA9A9A00B2566E /* DemoFacebookUITests */,
				2D68CE062BBA9A9A00B2566E /* DemoFacebookUIUITests */,
				2D68CDE42BBA9A9900B2566E /* Products */,
			);
			sourceTree = "<group>";
		};
		2D68CDE42BBA9A9900B2566E /* Products */ = {
			isa = PBXGroup;
			children = (
				2D68CDE32BBA9A9900B2566E /* DemoFacebookUI.app */,
				2D68CDF92BBA9A9A00B2566E /* DemoFacebookUITests.xctest */,
				2D68CE032BBA9A9A00B2566E /* DemoFacebookUIUITests.xctest */,
			);
			name = Products;
			sourceTree = "<group>";
		};
		2D68CDE52BBA9A9900B2566E /* DemoFacebookUI */ = {
			isa = PBXGroup;
			children = (
				2D68CE192BBA9D1D00B2566E /* view controller */,
				2D68CE182BBA9D1700B2566E /* view cell */,
				2D68CE172BBA9D0700B2566E /* model */,
				2D68CE162BBA9CF400B2566E /* tab bar */,
				2D68CDE62BBA9A9900B2566E /* AppDelegate.swift */,
				2D68CDE82BBA9A9900B2566E /* SceneDelegate.swift */,
				2D68CDEA2BBA9A9900B2566E /* ViewController.swift */,
				2D68CDEF2BBA9A9A00B2566E /* Assets.xcassets */,
				2D68CE532BBACA2B00B2566E /* Main.storyboard */,
				2D68CDF12BBA9A9A00B2566E /* LaunchScreen.storyboard */,
				2D68CDF42BBA9A9A00B2566E /* Info.plist */,
			);
			path = DemoFacebookUI;
			sourceTree = "<group>";
		};
		2D68CDFC2BBA9A9A00B2566E /* DemoFacebookUITests */ = {
			isa = PBXGroup;
			children = (
				2D68CDFD2BBA9A9A00B2566E /* DemoFacebookUITests.swift */,
			);
			path = DemoFacebookUITests;
			sourceTree = "<group>";
		};
		2D68CE062BBA9A9A00B2566E /* DemoFacebookUIUITests */ = {
			isa = PBXGroup;
			children = (
				2D68CE072BBA9A9A00B2566E /* DemoFacebookUIUITests.swift */,
				2D68CE092BBA9A9A00B2566E /* DemoFacebookUIUITestsLaunchTests.swift */,
			);
			path = DemoFacebookUIUITests;
			sourceTree = "<group>";
		};
		2D68CE162BBA9CF400B2566E /* tab bar */ = {
			isa = PBXGroup;
			children = (
				2D68CE1A2BBA9FEB00B2566E /* CustomTabBarController.swift */,
			);
			path = "tab bar";
			sourceTree = "<group>";
		};
		2D68CE172BBA9D0700B2566E /* model */ = {
			isa = PBXGroup;
			children = (
				2D68CE1C2BBAA1C600B2566E /* Page.swift */,
			);
			path = model;
			sourceTree = "<group>";
		};
		2D68CE182BBA9D1700B2566E /* view cell */ = {
			isa = PBXGroup;
			children = (
				2DF5F5F72BBBA2EA00B47483 /* PostCell.swift */,
				2DF5F5F62BBBA2EA00B47483 /* PostCell.xib */,
				2DF5F5E92BBBA0DC00B47483 /* CollectionHorizontalCell.swift */,
				2DF5F5ED2BBBA0DC00B47483 /* CollectionHorizontalCell.xib */,
				2DF5F5EB2BBBA0DC00B47483 /* CreateStoryCell.swift */,
				2DF5F5E62BBBA0DC00B47483 /* CreateStoryCell.xib */,
				2DF5F5E72BBBA0DC00B47483 /* StatusCell.swift */,
				2DF5F5E82BBBA0DC00B47483 /* StatusCell.xib */,
				2DF5F5EA2BBBA0DC00B47483 /* UserStoryCell.swift */,
				2DF5F5EC2BBBA0DC00B47483 /* UserStoryCell.xib */,
			);
			path = "view cell";
			sourceTree = "<group>";
		};
		2D68CE192BBA9D1D00B2566E /* view controller */ = {
			isa = PBXGroup;
			children = (
				2D68CE282BBABD6F00B2566E /* HomeViewController.swift */,
				2D68CE2A2BBABD7C00B2566E /* VideoViewController.swift */,
				2D68CE2C2BBABD8600B2566E /* MenuViewController.swift */,
			);
			path = "view controller";
			sourceTree = "<group>";
		};
/* End PBXGroup section */

/* Begin PBXNativeTarget section */
		2D68CDE22BBA9A9900B2566E /* DemoFacebookUI */ = {
			isa = PBXNativeTarget;
			buildConfigurationList = 2D68CE0D2BBA9A9A00B2566E /* Build configuration list for PBXNativeTarget "DemoFacebookUI" */;
			buildPhases = (
				2D68CDDF2BBA9A9900B2566E /* Sources */,
				2D68CDE02BBA9A9900B2566E /* Frameworks */,
				2D68CDE12BBA9A9900B2566E /* Resources */,
			);
			buildRules = (
			);
			dependencies = (
			);
			name = DemoFacebookUI;
			productName = DemoFacebookUI;
			productReference = 2D68CDE32BBA9A9900B2566E /* DemoFacebookUI.app */;
			productType = "com.apple.product-type.application";
		};
		2D68CDF82BBA9A9A00B2566E /* DemoFacebookUITests */ = {
			isa = PBXNativeTarget;
			buildConfigurationList = 2D68CE102BBA9A9A00B2566E /* Build configuration list for PBXNativeTarget "DemoFacebookUITests" */;
			buildPhases = (
				2D68CDF52BBA9A9A00B2566E /* Sources */,
				2D68CDF62BBA9A9A00B2566E /* Frameworks */,
				2D68CDF72BBA9A9A00B2566E /* Resources */,
			);
			buildRules = (
			);
			dependencies = (
				2D68CDFB2BBA9A9A00B2566E /* PBXTargetDependency */,
			);
			name = DemoFacebookUITests;
			productName = DemoFacebookUITests;
			productReference = 2D68CDF92BBA9A9A00B2566E /* DemoFacebookUITests.xctest */;
			productType = "com.apple.product-type.bundle.unit-test";
		};
		2D68CE022BBA9A9A00B2566E /* DemoFacebookUIUITests */ = {
			isa = PBXNativeTarget;
			buildConfigurationList = 2D68CE132BBA9A9A00B2566E /* Build configuration list for PBXNativeTarget "DemoFacebookUIUITests" */;
			buildPhases = (
				2D68CDFF2BBA9A9A00B2566E /* Sources */,
				2D68CE002BBA9A9A00B2566E /* Frameworks */,
				2D68CE012BBA9A9A00B2566E /* Resources */,
			);
			buildRules = (
			);
			dependencies = (
				2D68CE052BBA9A9A00B2566E /* PBXTargetDependency */,
			);
			name = DemoFacebookUIUITests;
			productName = DemoFacebookUIUITests;
			productReference = 2D68CE032BBA9A9A00B2566E /* DemoFacebookUIUITests.xctest */;
			productType = "com.apple.product-type.bundle.ui-testing";
		};
/* End PBXNativeTarget section */

/* Begin PBXProject section */
		2D68CDDB2BBA9A9900B2566E /* Project object */ = {
			isa = PBXProject;
			attributes = {
				BuildIndependentTargetsInParallel = 1;
				LastSwiftUpdateCheck = 1530;
				LastUpgradeCheck = 1530;
				TargetAttributes = {
					2D68CDE22BBA9A9900B2566E = {
						CreatedOnToolsVersion = 15.3;
					};
					2D68CDF82BBA9A9A00B2566E = {
						CreatedOnToolsVersion = 15.3;
						TestTargetID = 2D68CDE22BBA9A9900B2566E;
					};
					2D68CE022BBA9A9A00B2566E = {
						CreatedOnToolsVersion = 15.3;
						TestTargetID = 2D68CDE22BBA9A9900B2566E;
					};
				};
			};
			buildConfigurationList = 2D68CDDE2BBA9A9900B2566E /* Build configuration list for PBXProject "DemoFacebookUI" */;
			compatibilityVersion = "Xcode 14.0";
			developmentRegion = en;
			hasScannedForEncodings = 0;
			knownRegions = (
				en,
				Base,
			);
			mainGroup = 2D68CDDA2BBA9A9900B2566E;
			productRefGroup = 2D68CDE42BBA9A9900B2566E /* Products */;
			projectDirPath = "";
			projectRoot = "";
			targets = (
				2D68CDE22BBA9A9900B2566E /* DemoFacebookUI */,
				2D68CDF82BBA9A9A00B2566E /* DemoFacebookUITests */,
				2D68CE022BBA9A9A00B2566E /* DemoFacebookUIUITests */,
			);
		};
/* End PBXProject section */

/* Begin PBXResourcesBuildPhase section */
		2D68CDE12BBA9A9900B2566E /* Resources */ = {
			isa = PBXResourcesBuildPhase;
			buildActionMask = 2147483647;
			files = (
				2D68CDF02BBA9A9A00B2566E /* Assets.xcassets in Resources */,
				2DF5F5F02BBBA0DC00B47483 /* StatusCell.xib in Resources */,
				2DF5F5F42BBBA0DC00B47483 /* UserStoryCell.xib in Resources */,
				2DF5F5F82BBBA2EA00B47483 /* PostCell.xib in Resources */,
				2DF5F5F52BBBA0DC00B47483 /* CollectionHorizontalCell.xib in Resources */,
				2D68CE552BBACA2B00B2566E /* Main.storyboard in Resources */,
				2DF5F5EE2BBBA0DC00B47483 /* CreateStoryCell.xib in Resources */,
				2D68CDF32BBA9A9A00B2566E /* Base in Resources */,
			);
			runOnlyForDeploymentPostprocessing = 0;
		};
		2D68CDF72BBA9A9A00B2566E /* Resources */ = {
			isa = PBXResourcesBuildPhase;
			buildActionMask = 2147483647;
			files = (
			);
			runOnlyForDeploymentPostprocessing = 0;
		};
		2D68CE012BBA9A9A00B2566E /* Resources */ = {
			isa = PBXResourcesBuildPhase;
			buildActionMask = 2147483647;
			files = (
			);
			runOnlyForDeploymentPostprocessing = 0;
		};
/* End PBXResourcesBuildPhase section */

/* Begin PBXSourcesBuildPhase section */
		2D68CDDF2BBA9A9900B2566E /* Sources */ = {
			isa = PBXSourcesBuildPhase;
			buildActionMask = 2147483647;
			files = (
				2DF5F5F32BBBA0DC00B47483 /* CreateStoryCell.swift in Sources */,
				2D68CDEB2BBA9A9900B2566E /* ViewController.swift in Sources */,
				2DF5F5F92BBBA2EA00B47483 /* PostCell.swift in Sources */,
				2D68CDE72BBA9A9900B2566E /* AppDelegate.swift in Sources */,
				2D68CE2B2BBABD7C00B2566E /* VideoViewController.swift in Sources */,
				2D68CE1B2BBA9FEB00B2566E /* CustomTabBarController.swift in Sources */,
				2DF5F5EF2BBBA0DC00B47483 /* StatusCell.swift in Sources */,
				2D68CE2D2BBABD8600B2566E /* MenuViewController.swift in Sources */,
				2D68CDE92BBA9A9900B2566E /* SceneDelegate.swift in Sources */,
				2D68CE1D2BBAA1C600B2566E /* Page.swift in Sources */,
				2D68CE292BBABD6F00B2566E /* HomeViewController.swift in Sources */,
				2DF5F5F22BBBA0DC00B47483 /* UserStoryCell.swift in Sources */,
				2DF5F5F12BBBA0DC00B47483 /* CollectionHorizontalCell.swift in Sources */,
			);
			runOnlyForDeploymentPostprocessing = 0;
		};
		2D68CDF52BBA9A9A00B2566E /* Sources */ = {
			isa = PBXSourcesBuildPhase;
			buildActionMask = 2147483647;
			files = (
				2D68CDFE2BBA9A9A00B2566E /* DemoFacebookUITests.swift in Sources */,
			);
			runOnlyForDeploymentPostprocessing = 0;
		};
		2D68CDFF2BBA9A9A00B2566E /* Sources */ = {
			isa = PBXSourcesBuildPhase;
			buildActionMask = 2147483647;
			files = (
				2D68CE082BBA9A9A00B2566E /* DemoFacebookUIUITests.swift in Sources */,
				2D68CE0A2BBA9A9A00B2566E /* DemoFacebookUIUITestsLaunchTests.swift in Sources */,
			);
			runOnlyForDeploymentPostprocessing = 0;
		};
/* End PBXSourcesBuildPhase section */

/* Begin PBXTargetDependency section */
		2D68CDFB2BBA9A9A00B2566E /* PBXTargetDependency */ = {
			isa = PBXTargetDependency;
			target = 2D68CDE22BBA9A9900B2566E /* DemoFacebookUI */;
			targetProxy = 2D68CDFA2BBA9A9A00B2566E /* PBXContainerItemProxy */;
		};
		2D68CE052BBA9A9A00B2566E /* PBXTargetDependency */ = {
			isa = PBXTargetDependency;
			target = 2D68CDE22BBA9A9900B2566E /* DemoFacebookUI */;
			targetProxy = 2D68CE042BBA9A9A00B2566E /* PBXContainerItemProxy */;
		};
/* End PBXTargetDependency section */

/* Begin PBXVariantGroup section */
		2D68CDF12BBA9A9A00B2566E /* LaunchScreen.storyboard */ = {
			isa = PBXVariantGroup;
			children = (
				2D68CDF22BBA9A9A00B2566E /* Base */,
			);
			name = LaunchScreen.storyboard;
			sourceTree = "<group>";
		};
		2D68CE532BBACA2B00B2566E /* Main.storyboard */ = {
			isa = PBXVariantGroup;
			children = (
				2D68CE542BBACA2B00B2566E /* Base */,
			);
			name = Main.storyboard;
			sourceTree = "<group>";
		};
/* End PBXVariantGroup section */

/* Begin XCBuildConfiguration section */
		2D68CE0B2BBA9A9A00B2566E /* Debug */ = {
			isa = XCBuildConfiguration;
			buildSettings = {
				ALWAYS_SEARCH_USER_PATHS = NO;
				ASSETCATALOG_COMPILER_GENERATE_SWIFT_ASSET_SYMBOL_EXTENSIONS = YES;
				CLANG_ANALYZER_NONNULL = YES;
				CLANG_ANALYZER_NUMBER_OBJECT_CONVERSION = YES_AGGRESSIVE;
				CLANG_CXX_LANGUAGE_STANDARD = "gnu++20";
				CLANG_ENABLE_MODULES = YES;
				CLANG_ENABLE_OBJC_ARC = YES;
				CLANG_ENABLE_OBJC_WEAK = YES;
				CLANG_WARN_BLOCK_CAPTURE_AUTORELEASING = YES;
				CLANG_WARN_BOOL_CONVERSION = YES;
				CLANG_WARN_COMMA = YES;
				CLANG_WARN_CONSTANT_CONVERSION = YES;
				CLANG_WARN_DEPRECATED_OBJC_IMPLEMENTATIONS = YES;
				CLANG_WARN_DIRECT_OBJC_ISA_USAGE = YES_ERROR;
				CLANG_WARN_DOCUMENTATION_COMMENTS = YES;
				CLANG_WARN_EMPTY_BODY = YES;
				CLANG_WARN_ENUM_CONVERSION = YES;
				CLANG_WARN_INFINITE_RECURSION = YES;
				CLANG_WARN_INT_CONVERSION = YES;
				CLANG_WARN_NON_LITERAL_NULL_CONVERSION = YES;
				CLANG_WARN_OBJC_IMPLICIT_RETAIN_SELF = YES;
				CLANG_WARN_OBJC_LITERAL_CONVERSION = YES;
				CLANG_WARN_OBJC_ROOT_CLASS = YES_ERROR;
				CLANG_WARN_QUOTED_INCLUDE_IN_FRAMEWORK_HEADER = YES;
				CLANG_WARN_RANGE_LOOP_ANALYSIS = YES;
				CLANG_WARN_STRICT_PROTOTYPES = YES;
				CLANG_WARN_SUSPICIOUS_MOVE = YES;
				CLANG_WARN_UNGUARDED_AVAILABILITY = YES_AGGRESSIVE;
				CLANG_WARN_UNREACHABLE_CODE = YES;
				CLANG_WARN__DUPLICATE_METHOD_MATCH = YES;
				COPY_PHASE_STRIP = NO;
				DEBUG_INFORMATION_FORMAT = dwarf;
				ENABLE_STRICT_OBJC_MSGSEND = YES;
				ENABLE_TESTABILITY = YES;
				ENABLE_USER_SCRIPT_SANDBOXING = YES;
				GCC_C_LANGUAGE_STANDARD = gnu17;
				GCC_DYNAMIC_NO_PIC = NO;
				GCC_NO_COMMON_BLOCKS = YES;
				GCC_OPTIMIZATION_LEVEL = 0;
				GCC_PREPROCESSOR_DEFINITIONS = (
					"DEBUG=1",
					"$(inherited)",
				);
				GCC_WARN_64_TO_32_BIT_CONVERSION = YES;
				GCC_WARN_ABOUT_RETURN_TYPE = YES_ERROR;
				GCC_WARN_UNDECLARED_SELECTOR = YES;
				GCC_WARN_UNINITIALIZED_AUTOS = YES_AGGRESSIVE;
				GCC_WARN_UNUSED_FUNCTION = YES;
				GCC_WARN_UNUSED_VARIABLE = YES;
				IPHONEOS_DEPLOYMENT_TARGET = 13.6;
				LOCALIZATION_PREFERS_STRING_CATALOGS = YES;
				MTL_ENABLE_DEBUG_INFO = INCLUDE_SOURCE;
				MTL_FAST_MATH = YES;
				ONLY_ACTIVE_ARCH = YES;
				SDKROOT = iphoneos;
				SWIFT_ACTIVE_COMPILATION_CONDITIONS = "DEBUG $(inherited)";
				SWIFT_OPTIMIZATION_LEVEL = "-Onone";
			};
			name = Debug;
		};
		2D68CE0C2BBA9A9A00B2566E /* Release */ = {
			isa = XCBuildConfiguration;
			buildSettings = {
				ALWAYS_SEARCH_USER_PATHS = NO;
				ASSETCATALOG_COMPILER_GENERATE_SWIFT_ASSET_SYMBOL_EXTENSIONS = YES;
				CLANG_ANALYZER_NONNULL = YES;
				CLANG_ANALYZER_NUMBER_OBJECT_CONVERSION = YES_AGGRESSIVE;
				CLANG_CXX_LANGUAGE_STANDARD = "gnu++20";
				CLANG_ENABLE_MODULES = YES;
				CLANG_ENABLE_OBJC_ARC = YES;
				CLANG_ENABLE_OBJC_WEAK = YES;
				CLANG_WARN_BLOCK_CAPTURE_AUTORELEASING = YES;
				CLANG_WARN_BOOL_CONVERSION = YES;
				CLANG_WARN_COMMA = YES;
				CLANG_WARN_CONSTANT_CONVERSION = YES;
				CLANG_WARN_DEPRECATED_OBJC_IMPLEMENTATIONS = YES;
				CLANG_WARN_DIRECT_OBJC_ISA_USAGE = YES_ERROR;
				CLANG_WARN_DOCUMENTATION_COMMENTS = YES;
				CLANG_WARN_EMPTY_BODY = YES;
				CLANG_WARN_ENUM_CONVERSION = YES;
				CLANG_WARN_INFINITE_RECURSION = YES;
				CLANG_WARN_INT_CONVERSION = YES;
				CLANG_WARN_NON_LITERAL_NULL_CONVERSION = YES;
				CLANG_WARN_OBJC_IMPLICIT_RETAIN_SELF = YES;
				CLANG_WARN_OBJC_LITERAL_CONVERSION = YES;
				CLANG_WARN_OBJC_ROOT_CLASS = YES_ERROR;
				CLANG_WARN_QUOTED_INCLUDE_IN_FRAMEWORK_HEADER = YES;
				CLANG_WARN_RANGE_LOOP_ANALYSIS = YES;
				CLANG_WARN_STRICT_PROTOTYPES = YES;
				CLANG_WARN_SUSPICIOUS_MOVE = YES;
				CLANG_WARN_UNGUARDED_AVAILABILITY = YES_AGGRESSIVE;
				CLANG_WARN_UNREACHABLE_CODE = YES;
				CLANG_WARN__DUPLICATE_METHOD_MATCH = YES;
				COPY_PHASE_STRIP = NO;
				DEBUG_INFORMATION_FORMAT = "dwarf-with-dsym";
				ENABLE_NS_ASSERTIONS = NO;
				ENABLE_STRICT_OBJC_MSGSEND = YES;
				ENABLE_USER_SCRIPT_SANDBOXING = YES;
				GCC_C_LANGUAGE_STANDARD = gnu17;
				GCC_NO_COMMON_BLOCKS = YES;
				GCC_WARN_64_TO_32_BIT_CONVERSION = YES;
				GCC_WARN_ABOUT_RETURN_TYPE = YES_ERROR;
				GCC_WARN_UNDECLARED_SELECTOR = YES;
				GCC_WARN_UNINITIALIZED_AUTOS = YES_AGGRESSIVE;
				GCC_WARN_UNUSED_FUNCTION = YES;
				GCC_WARN_UNUSED_VARIABLE = YES;
				IPHONEOS_DEPLOYMENT_TARGET = 13.6;
				LOCALIZATION_PREFERS_STRING_CATALOGS = YES;
				MTL_ENABLE_DEBUG_INFO = NO;
				MTL_FAST_MATH = YES;
				SDKROOT = iphoneos;
				SWIFT_COMPILATION_MODE = wholemodule;
				VALIDATE_PRODUCT = YES;
			};
			name = Release;
		};
		2D68CE0E2BBA9A9A00B2566E /* Debug */ = {
			isa = XCBuildConfiguration;
			buildSettings = {
				ASSETCATALOG_COMPILER_APPICON_NAME = AppIcon;
				ASSETCATALOG_COMPILER_GLOBAL_ACCENT_COLOR_NAME = AccentColor;
				CODE_SIGN_STYLE = Automatic;
				CURRENT_PROJECT_VERSION = 1;
				DEVELOPMENT_TEAM = H6D576J93K;
				GENERATE_INFOPLIST_FILE = YES;
				INFOPLIST_FILE = DemoFacebookUI/Info.plist;
				INFOPLIST_KEY_UIApplicationSupportsIndirectInputEvents = YES;
				INFOPLIST_KEY_UILaunchStoryboardName = LaunchScreen;
				INFOPLIST_KEY_UIMainStoryboardFile = Main;
				INFOPLIST_KEY_UISupportedInterfaceOrientations_iPad = "UIInterfaceOrientationPortrait UIInterfaceOrientationPortraitUpsideDown UIInterfaceOrientationLandscapeLeft UIInterfaceOrientationLandscapeRight";
				INFOPLIST_KEY_UISupportedInterfaceOrientations_iPhone = "UIInterfaceOrientationPortrait UIInterfaceOrientationLandscapeLeft UIInterfaceOrientationLandscapeRight";
				IPHONEOS_DEPLOYMENT_TARGET = 13.6;
				LD_RUNPATH_SEARCH_PATHS = (
					"$(inherited)",
					"@executable_path/Frameworks",
				);
				MARKETING_VERSION = 1.0;
				PRODUCT_BUNDLE_IDENTIFIER = dindin.DemoFacebookUI;
				PRODUCT_NAME = "$(TARGET_NAME)";
				SWIFT_EMIT_LOC_STRINGS = YES;
				SWIFT_VERSION = 5.0;
				TARGETED_DEVICE_FAMILY = "1,2";
			};
			name = Debug;
		};
		2D68CE0F2BBA9A9A00B2566E /* Release */ = {
			isa = XCBuildConfiguration;
			buildSettings = {
				ASSETCATALOG_COMPILER_APPICON_NAME = AppIcon;
				ASSETCATALOG_COMPILER_GLOBAL_ACCENT_COLOR_NAME = AccentColor;
				CODE_SIGN_STYLE = Automatic;
				CURRENT_PROJECT_VERSION = 1;
				DEVELOPMENT_TEAM = H6D576J93K;
				GENERATE_INFOPLIST_FILE = YES;
				INFOPLIST_FILE = DemoFacebookUI/Info.plist;
				INFOPLIST_KEY_UIApplicationSupportsIndirectInputEvents = YES;
				INFOPLIST_KEY_UILaunchStoryboardName = LaunchScreen;
				INFOPLIST_KEY_UIMainStoryboardFile = Main;
				INFOPLIST_KEY_UISupportedInterfaceOrientations_iPad = "UIInterfaceOrientationPortrait UIInterfaceOrientationPortraitUpsideDown UIInterfaceOrientationLandscapeLeft UIInterfaceOrientationLandscapeRight";
				INFOPLIST_KEY_UISupportedInterfaceOrientations_iPhone = "UIInterfaceOrientationPortrait UIInterfaceOrientationLandscapeLeft UIInterfaceOrientationLandscapeRight";
				IPHONEOS_DEPLOYMENT_TARGET = 13.6;
				LD_RUNPATH_SEARCH_PATHS = (
					"$(inherited)",
					"@executable_path/Frameworks",
				);
				MARKETING_VERSION = 1.0;
				PRODUCT_BUNDLE_IDENTIFIER = dindin.DemoFacebookUI;
				PRODUCT_NAME = "$(TARGET_NAME)";
				SWIFT_EMIT_LOC_STRINGS = YES;
				SWIFT_VERSION = 5.0;
				TARGETED_DEVICE_FAMILY = "1,2";
			};
			name = Release;
		};
		2D68CE112BBA9A9A00B2566E /* Debug */ = {
			isa = XCBuildConfiguration;
			buildSettings = {
				ALWAYS_EMBED_SWIFT_STANDARD_LIBRARIES = YES;
				BUNDLE_LOADER = "$(TEST_HOST)";
				CODE_SIGN_STYLE = Automatic;
				CURRENT_PROJECT_VERSION = 1;
				GENERATE_INFOPLIST_FILE = YES;
				IPHONEOS_DEPLOYMENT_TARGET = 17.4;
				MARKETING_VERSION = 1.0;
				PRODUCT_BUNDLE_IDENTIFIER = dindin.DemoFacebookUITests;
				PRODUCT_NAME = "$(TARGET_NAME)";
				SWIFT_EMIT_LOC_STRINGS = NO;
				SWIFT_VERSION = 5.0;
				TARGETED_DEVICE_FAMILY = "1,2";
				TEST_HOST = "$(BUILT_PRODUCTS_DIR)/DemoFacebookUI.app/$(BUNDLE_EXECUTABLE_FOLDER_PATH)/DemoFacebookUI";
			};
			name = Debug;
		};
		2D68CE122BBA9A9A00B2566E /* Release */ = {
			isa = XCBuildConfiguration;
			buildSettings = {
				ALWAYS_EMBED_SWIFT_STANDARD_LIBRARIES = YES;
				BUNDLE_LOADER = "$(TEST_HOST)";
				CODE_SIGN_STYLE = Automatic;
				CURRENT_PROJECT_VERSION = 1;
				GENERATE_INFOPLIST_FILE = YES;
				IPHONEOS_DEPLOYMENT_TARGET = 17.4;
				MARKETING_VERSION = 1.0;
				PRODUCT_BUNDLE_IDENTIFIER = dindin.DemoFacebookUITests;
				PRODUCT_NAME = "$(TARGET_NAME)";
				SWIFT_EMIT_LOC_STRINGS = NO;
				SWIFT_VERSION = 5.0;
				TARGETED_DEVICE_FAMILY = "1,2";
				TEST_HOST = "$(BUILT_PRODUCTS_DIR)/DemoFacebookUI.app/$(BUNDLE_EXECUTABLE_FOLDER_PATH)/DemoFacebookUI";
			};
			name = Release;
		};
		2D68CE142BBA9A9A00B2566E /* Debug */ = {
			isa = XCBuildConfiguration;
			buildSettings = {
				ALWAYS_EMBED_SWIFT_STANDARD_LIBRARIES = YES;
				CODE_SIGN_STYLE = Automatic;
				CURRENT_PROJECT_VERSION = 1;
				GENERATE_INFOPLIST_FILE = YES;
				MARKETING_VERSION = 1.0;
				PRODUCT_BUNDLE_IDENTIFIER = dindin.DemoFacebookUIUITests;
				PRODUCT_NAME = "$(TARGET_NAME)";
				SWIFT_EMIT_LOC_STRINGS = NO;
				SWIFT_VERSION = 5.0;
				TARGETED_DEVICE_FAMILY = "1,2";
				TEST_TARGET_NAME = DemoFacebookUI;
			};
			name = Debug;
		};
		2D68CE152BBA9A9A00B2566E /* Release */ = {
			isa = XCBuildConfiguration;
			buildSettings = {
				ALWAYS_EMBED_SWIFT_STANDARD_LIBRARIES = YES;
				CODE_SIGN_STYLE = Automatic;
				CURRENT_PROJECT_VERSION = 1;
				GENERATE_INFOPLIST_FILE = YES;
				MARKETING_VERSION = 1.0;
				PRODUCT_BUNDLE_IDENTIFIER = dindin.DemoFacebookUIUITests;
				PRODUCT_NAME = "$(TARGET_NAME)";
				SWIFT_EMIT_LOC_STRINGS = NO;
				SWIFT_VERSION = 5.0;
				TARGETED_DEVICE_FAMILY = "1,2";
				TEST_TARGET_NAME = DemoFacebookUI;
			};
			name = Release;
		};
/* End XCBuildConfiguration section */

/* Begin XCConfigurationList section */
		2D68CDDE2BBA9A9900B2566E /* Build configuration list for PBXProject "DemoFacebookUI" */ = {
			isa = XCConfigurationList;
			buildConfigurations = (
				2D68CE0B2BBA9A9A00B2566E /* Debug */,
				2D68CE0C2BBA9A9A00B2566E /* Release */,
			);
			defaultConfigurationIsVisible = 0;
			defaultConfigurationName = Release;
		};
		2D68CE0D2BBA9A9A00B2566E /* Build configuration list for PBXNativeTarget "DemoFacebookUI" */ = {
			isa = XCConfigurationList;
			buildConfigurations = (
				2D68CE0E2BBA9A9A00B2566E /* Debug */,
				2D68CE0F2BBA9A9A00B2566E /* Release */,
			);
			defaultConfigurationIsVisible = 0;
			defaultConfigurationName = Release;
		};
		2D68CE102BBA9A9A00B2566E /* Build configuration list for PBXNativeTarget "DemoFacebookUITests" */ = {
			isa = XCConfigurationList;
			buildConfigurations = (
				2D68CE112BBA9A9A00B2566E /* Debug */,
				2D68CE122BBA9A9A00B2566E /* Release */,
			);
			defaultConfigurationIsVisible = 0;
			defaultConfigurationName = Release;
		};
		2D68CE132BBA9A9A00B2566E /* Build configuration list for PBXNativeTarget "DemoFacebookUIUITests" */ = {
			isa = XCConfigurationList;
			buildConfigurations = (
				2D68CE142BBA9A9A00B2566E /* Debug */,
				2D68CE152BBA9A9A00B2566E /* Release */,
			);
			defaultConfigurationIsVisible = 0;
			defaultConfigurationName = Release;
		};
/* End XCConfigurationList section */
	};
	rootObject = 2D68CDDB2BBA9A9900B2566E /* Project object */;
}
